
Microsoft Visual Studio Solution File, Format Version 12.00
# Visual Studio 15
VisualStudioVersion = 15.0.26124.0
MinimumVisualStudioVersion = 15.0.26124.0
Project("{2150E333-8FDC-42A3-9474-1A3956D46DE8}") = ".paket", ".paket", "{303907F8-C7ED-4E28-8D23-90BD54C8E10A}"
	ProjectSection(SolutionItems) = preProject
		paket.dependencies = paket.dependencies
	EndProjectSection
EndProject
Project("{F2A71F9B-5D33-465A-A702-920D77279786}") = "functions", "src\functions.fsproj", "{C56E1EF0-3DAD-4A03-A449-6738FE5EFDCA}"
EndProject
Project("{2150E333-8FDC-42A3-9474-1A3956D46DE8}") = "tests", "tests", "{436E29E9-93D0-4BF4-A4E6-36BEE06F4C8A}"
EndProject
Project("{F2A71F9B-5D33-465A-A702-920D77279786}") = "AzureFunctions.Tests", "tests\AzureFunctions.Tests\AzureFunctions.Tests.fsproj", "{3392552A-93CB-40A5-8F63-D664F9EE4E0D}"
EndProject
Global
	GlobalSection(SolutionConfigurationPlatforms) = preSolution
		Debug|Any CPU = Debug|Any CPU
		Debug|x64 = Debug|x64
		Debug|x86 = Debug|x86
		Release|Any CPU = Release|Any CPU
		Release|x64 = Release|x64
		Release|x86 = Release|x86
	EndGlobalSection
	GlobalSection(SolutionProperties) = preSolution
		HideSolutionNode = FALSE
	EndGlobalSection
	GlobalSection(ProjectConfigurationPlatforms) = postSolution
		{C56E1EF0-3DAD-4A03-A449-6738FE5EFDCA}.Debug|Any CPU.ActiveCfg = Debug|Any CPU
		{C56E1EF0-3DAD-4A03-A449-6738FE5EFDCA}.Debug|Any CPU.Build.0 = Debug|Any CPU
		{C56E1EF0-3DAD-4A03-A449-6738FE5EFDCA}.Debug|x64.ActiveCfg = Debug|Any CPU
		{C56E1EF0-3DAD-4A03-A449-6738FE5EFDCA}.Debug|x64.Build.0 = Debug|Any CPU
		{C56E1EF0-3DAD-4A03-A449-6738FE5EFDCA}.Debug|x86.ActiveCfg = Debug|Any CPU
		{C56E1EF0-3DAD-4A03-A449-6738FE5EFDCA}.Debug|x86.Build.0 = Debug|Any CPU
		{C56E1EF0-3DAD-4A03-A449-6738FE5EFDCA}.Release|Any CPU.ActiveCfg = Release|Any CPU
		{C56E1EF0-3DAD-4A03-A449-6738FE5EFDCA}.Release|Any CPU.Build.0 = Release|Any CPU
		{C56E1EF0-3DAD-4A03-A449-6738FE5EFDCA}.Release|x64.ActiveCfg = Release|Any CPU
		{C56E1EF0-3DAD-4A03-A449-6738FE5EFDCA}.Release|x64.Build.0 = Release|Any CPU
		{C56E1EF0-3DAD-4A03-A449-6738FE5EFDCA}.Release|x86.ActiveCfg = Release|Any CPU
		{C56E1EF0-3DAD-4A03-A449-6738FE5EFDCA}.Release|x86.Build.0 = Release|Any CPU
		{3392552A-93CB-40A5-8F63-D664F9EE4E0D}.Debug|Any CPU.ActiveCfg = Debug|Any CPU
		{3392552A-93CB-40A5-8F63-D664F9EE4E0D}.Debug|Any CPU.Build.0 = Debug|Any CPU
		{3392552A-93CB-40A5-8F63-D664F9EE4E0D}.Debug|x64.ActiveCfg = Debug|Any CPU
		{3392552A-93CB-40A5-8F63-D664F9EE4E0D}.Debug|x64.Build.0 = Debug|Any CPU
		{3392552A-93CB-40A5-8F63-D664F9EE4E0D}.Debug|x86.ActiveCfg = Debug|Any CPU
		{3392552A-93CB-40A5-8F63-D664F9EE4E0D}.Debug|x86.Build.0 = Debug|Any CPU
		{3392552A-93CB-40A5-8F63-D664F9EE4E0D}.Release|Any CPU.ActiveCfg = Release|Any CPU
		{3392552A-93CB-40A5-8F63-D664F9EE4E0D}.Release|Any CPU.Build.0 = Release|Any CPU
		{3392552A-93CB-40A5-8F63-D664F9EE4E0D}.Release|x64.ActiveCfg = Release|Any CPU
		{3392552A-93CB-40A5-8F63-D664F9EE4E0D}.Release|x64.Build.0 = Release|Any CPU
		{3392552A-93CB-40A5-8F63-D664F9EE4E0D}.Release|x86.ActiveCfg = Release|Any CPU
		{3392552A-93CB-40A5-8F63-D664F9EE4E0D}.Release|x86.Build.0 = Release|Any CPU
	EndGlobalSection
	GlobalSection(NestedProjects) = preSolution
		{3392552A-93CB-40A5-8F63-D664F9EE4E0D} = {436E29E9-93D0-4BF4-A4E6-36BEE06F4C8A}
	EndGlobalSection
EndGlobal
